
Microsoft Visual Studio Solution File, Format Version 12.00
# Visual Studio Version 17
VisualStudioVersion = 17.7.34202.233
MinimumVisualStudioVersion = 10.0.40219.1
Project("{FAE04EC0-301F-11D3-BF4B-00C04F79EFBC}") = "Payroll System", "Payroll System.csproj", "{03FB2CF5-DEE8-4185-B08C-AB6229EDEA32}"
EndProject
Global
	GlobalSection(SolutionConfigurationPlatforms) = preSolution
		Debug|Any CPU = Debug|Any CPU
		Release|Any CPU = Release|Any CPU
	EndGlobalSection
	GlobalSection(ProjectConfigurationPlatforms) = postSolution
		{03FB2CF5-DEE8-4185-B08C-AB6229EDEA32}.Debug|Any CPU.ActiveCfg = Debug|Any CPU
		{03FB2CF5-DEE8-4185-B08C-AB6229EDEA32}.Debug|Any CPU.Build.0 = Debug|Any CPU
		{03FB2CF5-DEE8-4185-B08C-AB6229EDEA32}.Release|Any CPU.ActiveCfg = Release|Any CPU
		{03FB2CF5-DEE8-4185-B08C-AB6229EDEA32}.Release|Any CPU.Build.0 = Release|Any CPU
	EndGlobalSection
	GlobalSection(SolutionProperties) = preSolution
		HideSolutionNode = FALSE
	EndGlobalSection
	GlobalSection(ExtensibilityGlobals) = postSolution
		SolutionGuid = {39D15456-5123-4ED0-87D9-9D85FD0C5F1D}
	EndGlobalSection
EndGlobal
